
Microsoft Visual Studio Solution File, Format Version 12.00
Project("{FAE04EC0-301F-11D3-BF4B-00C04F79EFBC}") = "Domain", "Domain\Domain.csproj", "{11CA7DA4-959F-4AFF-B599-F8ED03915511}"
EndProject
Project("{FAE04EC0-301F-11D3-BF4B-00C04F79EFBC}") = "WebAPI", "WebAPI\WebAPI.csproj", "{F8D90217-84CA-4546-8B15-7D67CC4270BD}"
EndProject
Project("{2150E333-8FDC-42A3-9474-1A3956D46DE8}") = "REST-API", "REST-API", "{559798CB-B306-49FA-83C1-5F63D4A7CC77}"
EndProject
Project("{FAE04EC0-301F-11D3-BF4B-00C04F79EFBC}") = "Application", "Application\Application.csproj", "{7BC004B3-4914-41DC-A1A5-BEB66C686456}"
EndProject
Project("{FAE04EC0-301F-11D3-BF4B-00C04F79EFBC}") = "FileData", "FileData\FileData.csproj", "{213537B3-AAC7-46F6-92E7-99C5F3FE403A}"
EndProject
Global
	GlobalSection(SolutionConfigurationPlatforms) = preSolution
		Debug|Any CPU = Debug|Any CPU
		Release|Any CPU = Release|Any CPU
	EndGlobalSection
	GlobalSection(ProjectConfigurationPlatforms) = postSolution
		{11CA7DA4-959F-4AFF-B599-F8ED03915511}.Debug|Any CPU.ActiveCfg = Debug|Any CPU
		{11CA7DA4-959F-4AFF-B599-F8ED03915511}.Debug|Any CPU.Build.0 = Debug|Any CPU
		{11CA7DA4-959F-4AFF-B599-F8ED03915511}.Release|Any CPU.ActiveCfg = Release|Any CPU
		{11CA7DA4-959F-4AFF-B599-F8ED03915511}.Release|Any CPU.Build.0 = Release|Any CPU
		{F8D90217-84CA-4546-8B15-7D67CC4270BD}.Debug|Any CPU.ActiveCfg = Debug|Any CPU
		{F8D90217-84CA-4546-8B15-7D67CC4270BD}.Debug|Any CPU.Build.0 = Debug|Any CPU
		{F8D90217-84CA-4546-8B15-7D67CC4270BD}.Release|Any CPU.ActiveCfg = Release|Any CPU
		{F8D90217-84CA-4546-8B15-7D67CC4270BD}.Release|Any CPU.Build.0 = Release|Any CPU
		{7BC004B3-4914-41DC-A1A5-BEB66C686456}.Debug|Any CPU.ActiveCfg = Debug|Any CPU
		{7BC004B3-4914-41DC-A1A5-BEB66C686456}.Debug|Any CPU.Build.0 = Debug|Any CPU
		{7BC004B3-4914-41DC-A1A5-BEB66C686456}.Release|Any CPU.ActiveCfg = Release|Any CPU
		{7BC004B3-4914-41DC-A1A5-BEB66C686456}.Release|Any CPU.Build.0 = Release|Any CPU
		{213537B3-AAC7-46F6-92E7-99C5F3FE403A}.Debug|Any CPU.ActiveCfg = Debug|Any CPU
		{213537B3-AAC7-46F6-92E7-99C5F3FE403A}.Debug|Any CPU.Build.0 = Debug|Any CPU
		{213537B3-AAC7-46F6-92E7-99C5F3FE403A}.Release|Any CPU.ActiveCfg = Release|Any CPU
		{213537B3-AAC7-46F6-92E7-99C5F3FE403A}.Release|Any CPU.Build.0 = Release|Any CPU
	EndGlobalSection
	GlobalSection(NestedProjects) = preSolution
		{11CA7DA4-959F-4AFF-B599-F8ED03915511} = {559798CB-B306-49FA-83C1-5F63D4A7CC77}
		{F8D90217-84CA-4546-8B15-7D67CC4270BD} = {559798CB-B306-49FA-83C1-5F63D4A7CC77}
		{7BC004B3-4914-41DC-A1A5-BEB66C686456} = {559798CB-B306-49FA-83C1-5F63D4A7CC77}
		{213537B3-AAC7-46F6-92E7-99C5F3FE403A} = {559798CB-B306-49FA-83C1-5F63D4A7CC77}
	EndGlobalSection
EndGlobal
